
Microsoft Visual Studio Solution File, Format Version 12.00
# Visual Studio 15
VisualStudioVersion = 15.0.27004.2006
MinimumVisualStudioVersion = 10.0.40219.1
Project("{FAE04EC0-301F-11D3-BF4B-00C04F79EFBC}") = "ConsoleTest", "ConsoleTest\ConsoleTest.csproj", "{0543BB90-BC3E-4471-BBC0-70CD8C94929D}"
EndProject
Project("{FAE04EC0-301F-11D3-BF4B-00C04F79EFBC}") = "APITest", "APITest\APITest.csproj", "{0CD8A3BF-07A9-411D-B0EA-505808E1951C}"
EndProject
Project("{FAE04EC0-301F-11D3-BF4B-00C04F79EFBC}") = "UnitTest", "UnitTest\UnitTest.csproj", "{0FE7C5F4-3253-44FB-B21C-584DB6CBE9DF}"
EndProject
Project("{FAE04EC0-301F-11D3-BF4B-00C04F79EFBC}") = "Web", "Web\Web.csproj", "{FEFE7656-AA33-42A0-AC48-6E62FCA03146}"
EndProject
Project("{FAE04EC0-301F-11D3-BF4B-00C04F79EFBC}") = "MVC", "MVC\MVC.csproj", "{6ECA028D-7796-48F0-85AD-827EAE0CAEA4}"
EndProject
Global
	GlobalSection(SolutionConfigurationPlatforms) = preSolution
		Debug|Any CPU = Debug|Any CPU
		Release|Any CPU = Release|Any CPU
	EndGlobalSection
	GlobalSection(ProjectConfigurationPlatforms) = postSolution
		{0543BB90-BC3E-4471-BBC0-70CD8C94929D}.Debug|Any CPU.ActiveCfg = Debug|Any CPU
		{0543BB90-BC3E-4471-BBC0-70CD8C94929D}.Debug|Any CPU.Build.0 = Debug|Any CPU
		{0543BB90-BC3E-4471-BBC0-70CD8C94929D}.Release|Any CPU.ActiveCfg = Release|Any CPU
		{0543BB90-BC3E-4471-BBC0-70CD8C94929D}.Release|Any CPU.Build.0 = Release|Any CPU
		{0CD8A3BF-07A9-411D-B0EA-505808E1951C}.Debug|Any CPU.ActiveCfg = Debug|Any CPU
		{0CD8A3BF-07A9-411D-B0EA-505808E1951C}.Debug|Any CPU.Build.0 = Debug|Any CPU
		{0CD8A3BF-07A9-411D-B0EA-505808E1951C}.Release|Any CPU.ActiveCfg = Release|Any CPU
		{0CD8A3BF-07A9-411D-B0EA-505808E1951C}.Release|Any CPU.Build.0 = Release|Any CPU
		{0FE7C5F4-3253-44FB-B21C-584DB6CBE9DF}.Debug|Any CPU.ActiveCfg = Debug|Any CPU
		{0FE7C5F4-3253-44FB-B21C-584DB6CBE9DF}.Debug|Any CPU.Build.0 = Debug|Any CPU
		{0FE7C5F4-3253-44FB-B21C-584DB6CBE9DF}.Release|Any CPU.ActiveCfg = Release|Any CPU
		{0FE7C5F4-3253-44FB-B21C-584DB6CBE9DF}.Release|Any CPU.Build.0 = Release|Any CPU
		{FEFE7656-AA33-42A0-AC48-6E62FCA03146}.Debug|Any CPU.ActiveCfg = Debug|Any CPU
		{FEFE7656-AA33-42A0-AC48-6E62FCA03146}.Debug|Any CPU.Build.0 = Debug|Any CPU
		{FEFE7656-AA33-42A0-AC48-6E62FCA03146}.Release|Any CPU.ActiveCfg = Release|Any CPU
		{FEFE7656-AA33-42A0-AC48-6E62FCA03146}.Release|Any CPU.Build.0 = Release|Any CPU
		{6ECA028D-7796-48F0-85AD-827EAE0CAEA4}.Debug|Any CPU.ActiveCfg = Debug|Any CPU
		{6ECA028D-7796-48F0-85AD-827EAE0CAEA4}.Debug|Any CPU.Build.0 = Debug|Any CPU
		{6ECA028D-7796-48F0-85AD-827EAE0CAEA4}.Release|Any CPU.ActiveCfg = Release|Any CPU
		{6ECA028D-7796-48F0-85AD-827EAE0CAEA4}.Release|Any CPU.Build.0 = Release|Any CPU
	EndGlobalSection
	GlobalSection(SolutionProperties) = preSolution
		HideSolutionNode = FALSE
	EndGlobalSection
	GlobalSection(ExtensibilityGlobals) = postSolution
		SolutionGuid = {BDCF85ED-B08A-4FEE-8552-310519E63D0A}
	EndGlobalSection
EndGlobal
